
Microsoft Visual Studio Solution File, Format Version 12.00
# Visual Studio Version 17
VisualStudioVersion = 17.14.36705.20
MinimumVisualStudioVersion = 10.0.40219.1
Project("{2150E333-8FDC-42A3-9474-1A3956D46DE8}") = "src", "src", "{7CEE2988-1F83-4A30-81A4-D43D119F79AA}"
EndProject
Project("{2150E333-8FDC-42A3-9474-1A3956D46DE8}") = "tests", "tests", "{24B1FEA0-EA13-49C0-BB08-1840DBD1A74D}"
EndProject
Project("{2150E333-8FDC-42A3-9474-1A3956D46DE8}") = "tools", "tools", "{654BBC95-6E46-4EE5-A552-D773C1A33B06}"
EndProject
Project("{FAE04EC0-301F-11D3-BF4B-00C04F79EFBC}") = "AppHost", "tools\AppHost\AppHost.csproj", "{6C93A023-095C-4F4E-8629-8E4997D504D1}"
EndProject
Project("{FAE04EC0-301F-11D3-BF4B-00C04F79EFBC}") = "ServiceDefaults", "tools\ServiceDefaults\ServiceDefaults.csproj", "{B429E56C-013C-4D25-8D21-0CE723BFC521}"
EndProject
Project("{FAE04EC0-301F-11D3-BF4B-00C04F79EFBC}") = "UnitTests", "tests\UnitTests\UnitTests.csproj", "{754C3056-D4F2-4089-A7DB-D558307B088D}"
EndProject
Project("{FAE04EC0-301F-11D3-BF4B-00C04F79EFBC}") = "IntegrationTests", "tests\IntegrationTests\IntegrationTests.csproj", "{728B2DC3-4499-471E-BA6F-75F2F419026F}"
EndProject
Project("{FAE04EC0-301F-11D3-BF4B-00C04F79EFBC}") = "Api", "src\Api\Api.csproj", "{509037D3-8796-4D97-B265-B34041AF3C14}"
EndProject
Project("{FAE04EC0-301F-11D3-BF4B-00C04F79EFBC}") = "MigrationService", "tools\MigrationService\MigrationService.csproj", "{75266B16-BADA-49AC-8E43-FE171776A035}"
EndProject
Project("{2150E333-8FDC-42A3-9474-1A3956D46DE8}") = "Projectelements", "Projectelements", "{84D27F74-D2BA-6C25-2661-968F101900D9}"
	ProjectSection(SolutionItems) = preProject
		Directory.Packages.props = Directory.Packages.props
		README.md = README.md
		.gitignore = .gitignore
		Directory.Build.props = Directory.Build.props
	EndProjectSection
EndProject
Global
	GlobalSection(SolutionConfigurationPlatforms) = preSolution
		Debug|Any CPU = Debug|Any CPU
		Release|Any CPU = Release|Any CPU
	EndGlobalSection
	GlobalSection(ProjectConfigurationPlatforms) = postSolution
		{6C93A023-095C-4F4E-8629-8E4997D504D1}.Debug|Any CPU.ActiveCfg = Debug|Any CPU
		{6C93A023-095C-4F4E-8629-8E4997D504D1}.Debug|Any CPU.Build.0 = Debug|Any CPU
		{6C93A023-095C-4F4E-8629-8E4997D504D1}.Release|Any CPU.ActiveCfg = Release|Any CPU
		{6C93A023-095C-4F4E-8629-8E4997D504D1}.Release|Any CPU.Build.0 = Release|Any CPU
		{B429E56C-013C-4D25-8D21-0CE723BFC521}.Debug|Any CPU.ActiveCfg = Debug|Any CPU
		{B429E56C-013C-4D25-8D21-0CE723BFC521}.Debug|Any CPU.Build.0 = Debug|Any CPU
		{B429E56C-013C-4D25-8D21-0CE723BFC521}.Release|Any CPU.ActiveCfg = Release|Any CPU
		{B429E56C-013C-4D25-8D21-0CE723BFC521}.Release|Any CPU.Build.0 = Release|Any CPU
		{754C3056-D4F2-4089-A7DB-D558307B088D}.Debug|Any CPU.ActiveCfg = Debug|Any CPU
		{754C3056-D4F2-4089-A7DB-D558307B088D}.Debug|Any CPU.Build.0 = Debug|Any CPU
		{754C3056-D4F2-4089-A7DB-D558307B088D}.Release|Any CPU.ActiveCfg = Release|Any CPU
		{754C3056-D4F2-4089-A7DB-D558307B088D}.Release|Any CPU.Build.0 = Release|Any CPU
		{728B2DC3-4499-471E-BA6F-75F2F419026F}.Debug|Any CPU.ActiveCfg = Debug|Any CPU
		{728B2DC3-4499-471E-BA6F-75F2F419026F}.Debug|Any CPU.Build.0 = Debug|Any CPU
		{728B2DC3-4499-471E-BA6F-75F2F419026F}.Release|Any CPU.ActiveCfg = Release|Any CPU
		{728B2DC3-4499-471E-BA6F-75F2F419026F}.Release|Any CPU.Build.0 = Release|Any CPU
		{509037D3-8796-4D97-B265-B34041AF3C14}.Debug|Any CPU.ActiveCfg = Debug|Any CPU
		{509037D3-8796-4D97-B265-B34041AF3C14}.Debug|Any CPU.Build.0 = Debug|Any CPU
		{509037D3-8796-4D97-B265-B34041AF3C14}.Release|Any CPU.ActiveCfg = Release|Any CPU
		{509037D3-8796-4D97-B265-B34041AF3C14}.Release|Any CPU.Build.0 = Release|Any CPU
		{75266B16-BADA-49AC-8E43-FE171776A035}.Debug|Any CPU.ActiveCfg = Debug|Any CPU
		{75266B16-BADA-49AC-8E43-FE171776A035}.Debug|Any CPU.Build.0 = Debug|Any CPU
		{75266B16-BADA-49AC-8E43-FE171776A035}.Release|Any CPU.ActiveCfg = Release|Any CPU
		{75266B16-BADA-49AC-8E43-FE171776A035}.Release|Any CPU.Build.0 = Release|Any CPU
	EndGlobalSection
	GlobalSection(SolutionProperties) = preSolution
		HideSolutionNode = FALSE
	EndGlobalSection
	GlobalSection(NestedProjects) = preSolution
		{6C93A023-095C-4F4E-8629-8E4997D504D1} = {654BBC95-6E46-4EE5-A552-D773C1A33B06}
		{B429E56C-013C-4D25-8D21-0CE723BFC521} = {654BBC95-6E46-4EE5-A552-D773C1A33B06}
		{754C3056-D4F2-4089-A7DB-D558307B088D} = {24B1FEA0-EA13-49C0-BB08-1840DBD1A74D}
		{728B2DC3-4499-471E-BA6F-75F2F419026F} = {24B1FEA0-EA13-49C0-BB08-1840DBD1A74D}
		{509037D3-8796-4D97-B265-B34041AF3C14} = {7CEE2988-1F83-4A30-81A4-D43D119F79AA}
		{75266B16-BADA-49AC-8E43-FE171776A035} = {654BBC95-6E46-4EE5-A552-D773C1A33B06}
	EndGlobalSection
EndGlobal
